Microsoft Visual Studio Solution File, Format Version 12.00
# Visual Studio Version 16
VisualStudioVersion = 16.0.30225.117
MinimumVisualStudioVersion = 10.0.40219.1
Project("{FAE04EC0-301F-11D3-BF4B-00C04F79EFBC}") = "TNCalculator.Android", "TNCalculator.Android\TNCalculator.Android.csproj", "{B61CD522-72B6-4F4B-9C10-ACCA2A309600}"
EndProject
Project("{FAE04EC0-301F-11D3-BF4B-00C04F79EFBC}") = "TNCalculator.iOS", "TNCalculator.iOS\TNCalculator.iOS.csproj", "{E61F97B6-4374-454C-BE79-10E073F3F5A9}"
EndProject
Project("{9A19103F-16F7-4668-BE54-9A1E7A4F7556}") = "TNCalculator", "TNCalculator\TNCalculator.csproj", "{A74809F9-C9E7-492C-ABFF-1F73AD3C92D3}"
EndProject
Global
	GlobalSection(SolutionConfigurationPlatforms) = preSolution
		Debug|Any CPU = Debug|Any CPU
		Debug|iPhone = Debug|iPhone
		Debug|iPhoneSimulator = Debug|iPhoneSimulator
		Release|Any CPU = Release|Any CPU
		Release|iPhone = Release|iPhone
		Release|iPhoneSimulator = Release|iPhoneSimulator
	EndGlobalSection
	GlobalSection(ProjectConfigurationPlatforms) = postSolution
		{B61CD522-72B6-4F4B-9C10-ACCA2A309600}.Debug|Any CPU.ActiveCfg = Debug|Any CPU
		{B61CD522-72B6-4F4B-9C10-ACCA2A309600}.Debug|Any CPU.Build.0 = Debug|Any CPU
		{B61CD522-72B6-4F4B-9C10-ACCA2A309600}.Debug|Any CPU.Deploy.0 = Debug|Any CPU
		{B61CD522-72B6-4F4B-9C10-ACCA2A309600}.Debug|iPhone.ActiveCfg = Debug|Any CPU
		{B61CD522-72B6-4F4B-9C10-ACCA2A309600}.Debug|iPhone.Build.0 = Debug|Any CPU
		{B61CD522-72B6-4F4B-9C10-ACCA2A309600}.Debug|iPhoneSimulator.ActiveCfg = Debug|Any CPU
		{B61CD522-72B6-4F4B-9C10-ACCA2A309600}.Debug|iPhoneSimulator.Build.0 = Debug|Any CPU
		{B61CD522-72B6-4F4B-9C10-ACCA2A309600}.Release|Any CPU.ActiveCfg = Release|Any CPU
		{B61CD522-72B6-4F4B-9C10-ACCA2A309600}.Release|Any CPU.Build.0 = Release|Any CPU
		{B61CD522-72B6-4F4B-9C10-ACCA2A309600}.Release|Any CPU.Deploy.0 = Release|Any CPU
		{B61CD522-72B6-4F4B-9C10-ACCA2A309600}.Release|iPhone.ActiveCfg = Release|Any CPU
		{B61CD522-72B6-4F4B-9C10-ACCA2A309600}.Release|iPhone.Build.0 = Release|Any CPU
		{B61CD522-72B6-4F4B-9C10-ACCA2A309600}.Release|iPhoneSimulator.ActiveCfg = Release|Any CPU
		{B61CD522-72B6-4F4B-9C10-ACCA2A309600}.Release|iPhoneSimulator.Build.0 = Release|Any CPU
		{E61F97B6-4374-454C-BE79-10E073F3F5A9}.Debug|Any CPU.ActiveCfg = Debug|iPhoneSimulator
		{E61F97B6-4374-454C-BE79-10E073F3F5A9}.Debug|Any CPU.Build.0 = Debug|iPhoneSimulator
		{E61F97B6-4374-454C-BE79-10E073F3F5A9}.Debug|iPhone.ActiveCfg = Debug|iPhone
		{E61F97B6-4374-454C-BE79-10E073F3F5A9}.Debug|iPhone.Build.0 = Debug|iPhone
		{E61F97B6-4374-454C-BE79-10E073F3F5A9}.Debug|iPhoneSimulator.ActiveCfg = Debug|iPhoneSimulator
		{E61F97B6-4374-454C-BE79-10E073F3F5A9}.Debug|iPhoneSimulator.Build.0 = Debug|iPhoneSimulator
		{E61F97B6-4374-454C-BE79-10E073F3F5A9}.Release|Any CPU.ActiveCfg = Release|iPhoneSimulator
		{E61F97B6-4374-454C-BE79-10E073F3F5A9}.Release|Any CPU.Build.0 = Release|iPhoneSimulator
		{E61F97B6-4374-454C-BE79-10E073F3F5A9}.Release|iPhone.ActiveCfg = Release|iPhone
		{E61F97B6-4374-454C-BE79-10E073F3F5A9}.Release|iPhone.Build.0 = Release|iPhone
		{E61F97B6-4374-454C-BE79-10E073F3F5A9}.Release|iPhoneSimulator.ActiveCfg = Release|iPhoneSimulator
		{E61F97B6-4374-454C-BE79-10E073F3F5A9}.Release|iPhoneSimulator.Build.0 = Release|iPhoneSimulator
		{A74809F9-C9E7-492C-ABFF-1F73AD3C92D3}.Debug|Any CPU.ActiveCfg = Debug|Any CPU
		{A74809F9-C9E7-492C-ABFF-1F73AD3C92D3}.Debug|Any CPU.Build.0 = Debug|Any CPU
		{A74809F9-C9E7-492C-ABFF-1F73AD3C92D3}.Debug|iPhone.ActiveCfg = Debug|Any CPU
		{A74809F9-C9E7-492C-ABFF-1F73AD3C92D3}.Debug|iPhone.Build.0 = Debug|Any CPU
		{A74809F9-C9E7-492C-ABFF-1F73AD3C92D3}.Debug|iPhoneSimulator.ActiveCfg = Debug|Any CPU
		{A74809F9-C9E7-492C-ABFF-1F73AD3C92D3}.Debug|iPhoneSimulator.Build.0 = Debug|Any CPU
		{A74809F9-C9E7-492C-ABFF-1F73AD3C92D3}.Release|Any CPU.ActiveCfg = Release|Any CPU
		{A74809F9-C9E7-492C-ABFF-1F73AD3C92D3}.Release|Any CPU.Build.0 = Release|Any CPU
		{A74809F9-C9E7-492C-ABFF-1F73AD3C92D3}.Release|iPhone.ActiveCfg = Release|Any CPU
		{A74809F9-C9E7-492C-ABFF-1F73AD3C92D3}.Release|iPhone.Build.0 = Release|Any CPU
		{A74809F9-C9E7-492C-ABFF-1F73AD3C92D3}.Release|iPhoneSimulator.ActiveCfg = Release|Any CPU
		{A74809F9-C9E7-492C-ABFF-1F73AD3C92D3}.Release|iPhoneSimulator.Build.0 = Release|Any CPU
	EndGlobalSection
	GlobalSection(SolutionProperties) = preSolution
		HideSolutionNode = FALSE
	EndGlobalSection
	GlobalSection(ExtensibilityGlobals) = postSolution
		SolutionGuid = {0F740EA2-41BB-43F5-AB78-83D76B389A6D}
	EndGlobalSection
EndGlobal
